
Microsoft Visual Studio Solution File, Format Version 12.00
# Visual Studio Version 16
VisualStudioVersion = 16.0.30717.126
MinimumVisualStudioVersion = 10.0.40219.1
Project("{FAE04EC0-301F-11D3-BF4B-00C04F79EFBC}") = "StockMarket", "StockMarket\StockMarket.csproj", "{6CB3806F-C976-4092-90C3-9AD4BABBAD17}"
EndProject
Global
	GlobalSection(SolutionConfigurationPlatforms) = preSolution
		Debug|Any CPU = Debug|Any CPU
		Release|Any CPU = Release|Any CPU
	EndGlobalSection
	GlobalSection(ProjectConfigurationPlatforms) = postSolution
		{6CB3806F-C976-4092-90C3-9AD4BABBAD17}.Debug|Any CPU.ActiveCfg = Debug|Any CPU
		{6CB3806F-C976-4092-90C3-9AD4BABBAD17}.Debug|Any CPU.Build.0 = Debug|Any CPU
		{6CB3806F-C976-4092-90C3-9AD4BABBAD17}.Release|Any CPU.ActiveCfg = Release|Any CPU
		{6CB3806F-C976-4092-90C3-9AD4BABBAD17}.Release|Any CPU.Build.0 = Release|Any CPU
	EndGlobalSection
	GlobalSection(SolutionProperties) = preSolution
		HideSolutionNode = FALSE
	EndGlobalSection
	GlobalSection(ExtensibilityGlobals) = postSolution
		SolutionGuid = {1A7B6C00-713D-40F7-AE32-56336BB2B8DC}
	EndGlobalSection
EndGlobal
